schema: '2.0'
stages:
  data_ingestion:
    cmd: python -m CustomerChurn.pipeline.stage_01_data_ingestion
    deps:
    - path: config/config.yaml
      hash: md5
      md5: 86ea1fef056a180de554a48cdfcdaf17
      size: 1104
    - path: src/CustomerChurn/pipeline/stage_01_data_ingestion.py
      hash: md5
      md5: f574493f06ee22f39919e1b07ad4e627
      size: 1529
    outs:
    - path: artifacts/data_ingestion
      hash: md5
      md5: eee43be4fe68c8beddf0aea84da4857b.dir
      size: 1137259
      nfiles: 2
  data_validation:
    cmd: python -m CustomerChurn.pipeline.stage_02_data_validation
    deps:
    - path: artifacts/data_ingestion/telcoChurn.csv
      hash: md5
      md5: 0f9de68e012bd3aed5fa7cdc9fc421af
      size: 977501
    - path: schema.yaml
      hash: md5
      md5: 8e4b972957511af35ef5ffe22361b9ce
      size: 542
    - path: src/CustomerChurn/pipeline/stage_02_data_validation.py
      hash: md5
      md5: f4f707d9ebec5c77154c259335ab2dd7
      size: 1627
    outs:
    - path: artifacts/data_validation/status.txt
      hash: md5
      md5: 13be38da41ea758b45448535dffff6d4
      size: 23
  data_preprocessing:
    cmd: python -m CustomerChurn.pipeline.stage_03_data_preprocessing
    deps:
    - path: artifacts/data_ingestion/telcoChurn.csv
      hash: md5
      md5: 0f9de68e012bd3aed5fa7cdc9fc421af
      size: 977501
    - path: src/CustomerChurn/pipeline/stage_03_data_preprocessing.py
      hash: md5
      md5: 2e2c4f42edec87a015a9b2771a81f5b2
      size: 1918
    outs:
    - path: artifacts/data_preprocessing/cleaned_data.csv
      hash: md5
      md5: c999430204caa3a2a76fecc15a0eb107
      size: 899834
  data_transformation:
    cmd: python -m CustomerChurn.pipeline.stage_04_data_transformation
    deps:
    - path: artifacts/data_preprocessing/cleaned_data.csv
      hash: md5
      md5: c999430204caa3a2a76fecc15a0eb107
      size: 899834
    - path: params.yaml
      hash: md5
      md5: 62d78f067b678974f7abc8589bed2718
      size: 573
    - path: src/CustomerChurn/pipeline/stage_04_data_transformation.py
      hash: md5
      md5: e0842d75e72e8764d2b4dbb325eefcb8
      size: 2009
    outs:
    - path: artifacts/data_transformation/test.csv
      hash: md5
      md5: 2d4cfb0ee3fac5149dbdfb774a924d4d
      size: 140923
    - path: artifacts/data_transformation/train.csv
      hash: md5
      md5: b31718906fb71251e5cf860c7d747943
      size: 559719
  model_trainer:
    cmd: python -m CustomerChurn.pipeline.stage_05_model_trainer
    deps:
    - path: artifacts/data_transformation/test.csv
      hash: md5
      md5: 2d4cfb0ee3fac5149dbdfb774a924d4d
      size: 140923
    - path: artifacts/data_transformation/train.csv
      hash: md5
      md5: b31718906fb71251e5cf860c7d747943
      size: 559719
    - path: params.yaml
      hash: md5
      md5: 62d78f067b678974f7abc8589bed2718
      size: 573
    - path: src/CustomerChurn/pipeline/stage_05_model_trainer.py
      hash: md5
      md5: 5195577c086d808e139abe9057a27979
      size: 1466
    outs:
    - path: artifacts/model_trainer/model.joblib
      hash: md5
      md5: dbfb973b2bcb861bd6ba25a9537357f1
      size: 1586687
  model_evaluation:
    cmd: python -m CustomerChurn.pipeline.stage_06_model_evaluation
    deps:
    - path: artifacts/data_transformation/test.csv
      hash: md5
      md5: 2d4cfb0ee3fac5149dbdfb774a924d4d
      size: 140923
    - path: artifacts/model_trainer/model.joblib
      hash: md5
      md5: dbfb973b2bcb861bd6ba25a9537357f1
      size: 1586687
    - path: src/CustomerChurn/pipeline/stage_06_model_evaluation.py
      hash: md5
      md5: 44e8dd308df469a42bd7a35ee24c74fb
      size: 1594
    outs:
    - path: artifacts/model_evaluation/confusion_matrix.png
      hash: md5
      md5: 74e6239772340469f2d43c21fcd9b72c
      size: 16726
    - path: artifacts/model_evaluation/metrics.json
      hash: md5
      md5: 91c8ee73859e72308664b04f1f5710dc
      size: 155
    - path: artifacts/model_evaluation/roc_curve.png
      hash: md5
      md5: 34b29b3d65eb84a899d5e19c089ebf8a
      size: 20696
